
Microsoft Visual Studio Solution File, Format Version 12.00
# Visual Studio 14
VisualStudioVersion = 14.0.25420.1
MinimumVisualStudioVersion = 10.0.40219.1
Project("{8BC9CEB8-8B4A-11D0-8D11-00A0C91BC942}") = "CCDSAP.LAPIN", "CCDSAP.LAPIN\CCDSAP.LAPIN.vcxproj", "{89CE6A12-D6DC-4CC0-B0FB-89059F05813C}"
EndProject
Project("{8BC9CEB8-8B4A-11D0-8D11-00A0C91BC942}") = "CCDSAP.MAXDIFF", "CCDSAP.MAXDIFF\CCDSAP.MAXDIFF.vcxproj", "{6A78DB54-8365-48A2-8294-221363E6A4AC}"
EndProject
Project("{8BC9CEB8-8B4A-11D0-8D11-00A0C91BC942}") = "CCDSAP.CSUB", "CCDSAP.CSUB\CCDSAP.CSUB.vcxproj", "{E468A778-2AA4-4BA0-87CF-82741F3CBBF6}"
EndProject
Project("{2150E333-8FDC-42A3-9474-1A3956D46DE8}") = "FoundationLevelMock1", "FoundationLevelMock1", "{39841194-8702-42B8-916E-F072F1242B94}"
EndProject
Project("{8BC9CEB8-8B4A-11D0-8D11-00A0C91BC942}") = "CCDSAP.CHN15A", "CCDSAP.CHN15A\CCDSAP.CHN15A.vcxproj", "{C5ED9CBF-A941-4EBD-AB45-75E4C67A18AD}"
EndProject
Project("{8BC9CEB8-8B4A-11D0-8D11-00A0C91BC942}") = "CCDSAP.ALTARAY", "CCDSAP.ALTARAY\CCDSAP.ALTARAY.vcxproj", "{9B3BD9AD-652D-423A-A94F-96799DA17A9A}"
EndProject
Global
	GlobalSection(SolutionConfigurationPlatforms) = preSolution
		Debug|x64 = Debug|x64
		Debug|x86 = Debug|x86
		Release|x64 = Release|x64
		Release|x86 = Release|x86
	EndGlobalSection
	GlobalSection(ProjectConfigurationPlatforms) = postSolution
		{89CE6A12-D6DC-4CC0-B0FB-89059F05813C}.Debug|x64.ActiveCfg = Debug|x64
		{89CE6A12-D6DC-4CC0-B0FB-89059F05813C}.Debug|x64.Build.0 = Debug|x64
		{89CE6A12-D6DC-4CC0-B0FB-89059F05813C}.Debug|x86.ActiveCfg = Debug|Win32
		{89CE6A12-D6DC-4CC0-B0FB-89059F05813C}.Debug|x86.Build.0 = Debug|Win32
		{89CE6A12-D6DC-4CC0-B0FB-89059F05813C}.Release|x64.ActiveCfg = Release|x64
		{89CE6A12-D6DC-4CC0-B0FB-89059F05813C}.Release|x64.Build.0 = Release|x64
		{89CE6A12-D6DC-4CC0-B0FB-89059F05813C}.Release|x86.ActiveCfg = Release|Win32
		{89CE6A12-D6DC-4CC0-B0FB-89059F05813C}.Release|x86.Build.0 = Release|Win32
		{6A78DB54-8365-48A2-8294-221363E6A4AC}.Debug|x64.ActiveCfg = Debug|x64
		{6A78DB54-8365-48A2-8294-221363E6A4AC}.Debug|x64.Build.0 = Debug|x64
		{6A78DB54-8365-48A2-8294-221363E6A4AC}.Debug|x86.ActiveCfg = Debug|Win32
		{6A78DB54-8365-48A2-8294-221363E6A4AC}.Debug|x86.Build.0 = Debug|Win32
		{6A78DB54-8365-48A2-8294-221363E6A4AC}.Release|x64.ActiveCfg = Release|x64
		{6A78DB54-8365-48A2-8294-221363E6A4AC}.Release|x64.Build.0 = Release|x64
		{6A78DB54-8365-48A2-8294-221363E6A4AC}.Release|x86.ActiveCfg = Release|Win32
		{6A78DB54-8365-48A2-8294-221363E6A4AC}.Release|x86.Build.0 = Release|Win32
		{E468A778-2AA4-4BA0-87CF-82741F3CBBF6}.Debug|x64.ActiveCfg = Debug|x64
		{E468A778-2AA4-4BA0-87CF-82741F3CBBF6}.Debug|x64.Build.0 = Debug|x64
		{E468A778-2AA4-4BA0-87CF-82741F3CBBF6}.Debug|x86.ActiveCfg = Debug|Win32
		{E468A778-2AA4-4BA0-87CF-82741F3CBBF6}.Debug|x86.Build.0 = Debug|Win32
		{E468A778-2AA4-4BA0-87CF-82741F3CBBF6}.Release|x64.ActiveCfg = Release|x64
		{E468A778-2AA4-4BA0-87CF-82741F3CBBF6}.Release|x64.Build.0 = Release|x64
		{E468A778-2AA4-4BA0-87CF-82741F3CBBF6}.Release|x86.ActiveCfg = Release|Win32
		{E468A778-2AA4-4BA0-87CF-82741F3CBBF6}.Release|x86.Build.0 = Release|Win32
		{C5ED9CBF-A941-4EBD-AB45-75E4C67A18AD}.Debug|x64.ActiveCfg = Debug|x64
		{C5ED9CBF-A941-4EBD-AB45-75E4C67A18AD}.Debug|x64.Build.0 = Debug|x64
		{C5ED9CBF-A941-4EBD-AB45-75E4C67A18AD}.Debug|x86.ActiveCfg = Debug|Win32
		{C5ED9CBF-A941-4EBD-AB45-75E4C67A18AD}.Debug|x86.Build.0 = Debug|Win32
		{C5ED9CBF-A941-4EBD-AB45-75E4C67A18AD}.Release|x64.ActiveCfg = Release|x64
		{C5ED9CBF-A941-4EBD-AB45-75E4C67A18AD}.Release|x64.Build.0 = Release|x64
		{C5ED9CBF-A941-4EBD-AB45-75E4C67A18AD}.Release|x86.ActiveCfg = Release|Win32
		{C5ED9CBF-A941-4EBD-AB45-75E4C67A18AD}.Release|x86.Build.0 = Release|Win32
		{9B3BD9AD-652D-423A-A94F-96799DA17A9A}.Debug|x64.ActiveCfg = Debug|x64
		{9B3BD9AD-652D-423A-A94F-96799DA17A9A}.Debug|x64.Build.0 = Debug|x64
		{9B3BD9AD-652D-423A-A94F-96799DA17A9A}.Debug|x86.ActiveCfg = Debug|Win32
		{9B3BD9AD-652D-423A-A94F-96799DA17A9A}.Debug|x86.Build.0 = Debug|Win32
		{9B3BD9AD-652D-423A-A94F-96799DA17A9A}.Release|x64.ActiveCfg = Release|x64
		{9B3BD9AD-652D-423A-A94F-96799DA17A9A}.Release|x64.Build.0 = Release|x64
		{9B3BD9AD-652D-423A-A94F-96799DA17A9A}.Release|x86.ActiveCfg = Release|Win32
		{9B3BD9AD-652D-423A-A94F-96799DA17A9A}.Release|x86.Build.0 = Release|Win32
	EndGlobalSection
	GlobalSection(SolutionProperties) = preSolution
		HideSolutionNode = FALSE
	EndGlobalSection
	GlobalSection(NestedProjects) = preSolution
		{89CE6A12-D6DC-4CC0-B0FB-89059F05813C} = {39841194-8702-42B8-916E-F072F1242B94}
		{6A78DB54-8365-48A2-8294-221363E6A4AC} = {39841194-8702-42B8-916E-F072F1242B94}
		{E468A778-2AA4-4BA0-87CF-82741F3CBBF6} = {39841194-8702-42B8-916E-F072F1242B94}
		{C5ED9CBF-A941-4EBD-AB45-75E4C67A18AD} = {39841194-8702-42B8-916E-F072F1242B94}
		{9B3BD9AD-652D-423A-A94F-96799DA17A9A} = {39841194-8702-42B8-916E-F072F1242B94}
	EndGlobalSection
EndGlobal
